
Microsoft Visual Studio Solution File, Format Version 12.00
# Visual Studio Version 17
VisualStudioVersion = 17.4.33205.214
MinimumVisualStudioVersion = 10.0.40219.1
Project("{FAE04EC0-301F-11D3-BF4B-00C04F79EFBC}") = "Lab_Deck_Of_Cards_API", "Lab_Deck_Of_Cards_API\Lab_Deck_Of_Cards_API.csproj", "{10FDB369-622C-4FBF-A018-9930487C4F8E}"
EndProject
Global
	GlobalSection(SolutionConfigurationPlatforms) = preSolution
		Debug|Any CPU = Debug|Any CPU
		Release|Any CPU = Release|Any CPU
	EndGlobalSection
	GlobalSection(ProjectConfigurationPlatforms) = postSolution
		{10FDB369-622C-4FBF-A018-9930487C4F8E}.Debug|Any CPU.ActiveCfg = Debug|Any CPU
		{10FDB369-622C-4FBF-A018-9930487C4F8E}.Debug|Any CPU.Build.0 = Debug|Any CPU
		{10FDB369-622C-4FBF-A018-9930487C4F8E}.Release|Any CPU.ActiveCfg = Release|Any CPU
		{10FDB369-622C-4FBF-A018-9930487C4F8E}.Release|Any CPU.Build.0 = Release|Any CPU
	EndGlobalSection
	GlobalSection(SolutionProperties) = preSolution
		HideSolutionNode = FALSE
	EndGlobalSection
	GlobalSection(ExtensibilityGlobals) = postSolution
		SolutionGuid = {B494AAEE-B6EE-4C9C-9744-82323337C6E0}
	EndGlobalSection
EndGlobal
